
Microsoft Visual Studio Solution File, Format Version 12.00
Project("{FAE04EC0-301F-11D3-BF4B-00C04F79EFBC}") = "dynamic-simulation", "dynamic-simulation\dynamic-simulation.csproj", "{22B6FBAF-FE81-41E3-9C07-2B9390DB90DF}"
EndProject
Global
	GlobalSection(SolutionConfigurationPlatforms) = preSolution
		Debug|Any CPU = Debug|Any CPU
		Release|Any CPU = Release|Any CPU
	EndGlobalSection
	GlobalSection(ProjectConfigurationPlatforms) = postSolution
		{22B6FBAF-FE81-41E3-9C07-2B9390DB90DF}.Debug|Any CPU.ActiveCfg = Debug|Any CPU
		{22B6FBAF-FE81-41E3-9C07-2B9390DB90DF}.Debug|Any CPU.Build.0 = Debug|Any CPU
		{22B6FBAF-FE81-41E3-9C07-2B9390DB90DF}.Release|Any CPU.ActiveCfg = Release|Any CPU
		{22B6FBAF-FE81-41E3-9C07-2B9390DB90DF}.Release|Any CPU.Build.0 = Release|Any CPU
	EndGlobalSection
EndGlobal
